
Microsoft Visual Studio Solution File, Format Version 12.00
# Visual Studio Version 16
VisualStudioVersion = 16.0.31410.357
MinimumVisualStudioVersion = 10.0.40219.1
Project("{FAE04EC0-301F-11D3-BF4B-00C04F79EFBC}") = "Q5.5", "Q5.5\Q5.5.csproj", "{DB39D48A-6905-4DE4-9305-DFCC94C7031D}"
EndProject
Global
	GlobalSection(SolutionConfigurationPlatforms) = preSolution
		Debug|Any CPU = Debug|Any CPU
		Release|Any CPU = Release|Any CPU
	EndGlobalSection
	GlobalSection(ProjectConfigurationPlatforms) = postSolution
		{DB39D48A-6905-4DE4-9305-DFCC94C7031D}.Debug|Any CPU.ActiveCfg = Debug|Any CPU
		{DB39D48A-6905-4DE4-9305-DFCC94C7031D}.Debug|Any CPU.Build.0 = Debug|Any CPU
		{DB39D48A-6905-4DE4-9305-DFCC94C7031D}.Release|Any CPU.ActiveCfg = Release|Any CPU
		{DB39D48A-6905-4DE4-9305-DFCC94C7031D}.Release|Any CPU.Build.0 = Release|Any CPU
	EndGlobalSection
	GlobalSection(SolutionProperties) = preSolution
		HideSolutionNode = FALSE
	EndGlobalSection
	GlobalSection(ExtensibilityGlobals) = postSolution
		SolutionGuid = {A96AF0E7-479B-4BA1-8A82-D004113169D7}
	EndGlobalSection
EndGlobal
